// !$*UTF8*$!
{
	archiveVersion = 1;
	classes = {
	};
	objectVersion = 46;
	objects = {

/* Begin PBXBuildFile section */
		3A541C471E3CF58F00BD003A /* AppDelegate.swift in Sources */ = {isa = PBXBuildFile; fileRef = 3A541C461E3CF58F00BD003A /* AppDelegate.swift */; };
		3A541C491E3CF58F00BD003A /* ViewController.swift in Sources */ = {isa = PBXBuildFile; fileRef = 3A541C481E3CF58F00BD003A /* ViewController.swift */; };
		3A541C4C1E3CF58F00BD003A /* Main.storyboard in Resources */ = {isa = PBXBuildFile; fileRef = 3A541C4A1E3CF58F00BD003A /* Main.storyboard */; };
		3A541C4E1E3CF58F00BD003A /* Assets.xcassets in Resources */ = {isa = PBXBuildFile; fileRef = 3A541C4D1E3CF58F00BD003A /* Assets.xcassets */; };
		3A541C511E3CF58F00BD003A /* LaunchScreen.storyboard in Resources */ = {isa = PBXBuildFile; fileRef = 3A541C4F1E3CF58F00BD003A /* LaunchScreen.storyboard */; };
/* End PBXBuildFile section */

/* Begin PBXFileReference section */
		3A541C431E3CF58F00BD003A /* modal-test.app */ = {isa = PBXFileReference; explicitFileType = wrapper.application; includeInIndex = 0; path = "modal-test.app"; sourceTree = BUILT_PRODUCTS_DIR; };
		3A541C461E3CF58F00BD003A /* AppDelegate.swift */ = {isa = PBXFileReference; lastKnownFileType = sourcecode.swift; path = AppDelegate.swift; sourceTree = "<group>"; };
		3A541C481E3CF58F00BD003A /* ViewController.swift */ = {isa = PBXFileReference; lastKnownFileType = sourcecode.swift; path = ViewController.swift; sourceTree = "<group>"; };
		3A541C4B1E3CF58F00BD003A /* Base */ = {isa = PBXFileReference; lastKnownFileType = file.storyboard; name = Base; path = Base.lproj/Main.storyboard; sourceTree = "<group>"; };
		3A541C4D1E3CF58F00BD003A /* Assets.xcassets */ = {isa = PBXFileReference; lastKnownFileType = folder.assetcatalog; path = Assets.xcassets; sourceTree = "<group>"; };
		3A541C501E3CF58F00BD003A /* Base */ = {isa = PBXFileReference; lastKnownFileType = file.storyboard; name = Base; path = Base.lproj/LaunchScreen.storyboard; sourceTree = "<group>"; };
		3A541C521E3CF58F00BD003A /* Info.plist */ = {isa = PBXFileReference; lastKnownFileType = text.plist.xml; path = Info.plist; sourceTree = "<group>"; };
/* End PBXFileReference section */

/* Begin PBXFrameworksBuildPhase section */
		3A541C401E3CF58E00BD003A /* Frameworks */ = {
			isa = PBXFrameworksBuildPhase;
			buildActionMask = 2147483647;
			files = (
			);
			runOnlyForDeploymentPostprocessing = 0;
		};
/* End PBXFrameworksBuildPhase section */

/* Begin PBXGroup section */
		3A541C3A1E3CF58E00BD003A = {
			isa = PBXGroup;
			children = (
				3A541C451E3CF58F00BD003A /* modal-test */,
				3A541C441E3CF58F00BD003A /* Products */,
			);
			sourceTree = "<group>";
		};
		3A541C441E3CF58F00BD003A /* Products */ = {
			isa = PBXGroup;
			children = (
				3A541C431E3CF58F00BD003A /* modal-test.app */,
			);
			name = Products;
			sourceTree = "<group>";
		};
		3A541C451E3CF58F00BD003A /* modal-test */ = {
			isa = PBXGroup;
			children = (
				3A541C461E3CF58F00BD003A /* AppDelegate.swift */,
				3A541C481E3CF58F00BD003A /* ViewController.swift */,
				3A541C4A1E3CF58F00BD003A /* Main.storyboard */,
				3A541C4D1E3CF58F00BD003A /* Assets.xcassets */,
				3A541C4F1E3CF58F00BD003A /* LaunchScreen.storyboard */,
				3A541C521E3CF58F00BD003A /* Info.plist */,
			);
			path = "modal-test";
			sourceTree = "<group>";
		};
/* End PBXGroup section */

/* Begin PBXNativeTarget section */
		3A541C421E3CF58E00BD003A /* modal-test */ = {
			isa = PBXNativeTarget;
			buildConfigurationList = 3A541C551E3CF58F00BD003A /* Build configuration list for PBXNativeTarget "modal-test" */;
			buildPhases = (
				3A541C3F1E3CF58E00BD003A /* Sources */,
				3A541C401E3CF58E00BD003A /* Frameworks */,
				3A541C411E3CF58E00BD003A /* Resources */,
			);
			buildRules = (
			);
			dependencies = (
			);
			name = "modal-test";
			productName = "modal-test";
			productReference = 3A541C431E3CF58F00BD003A /* modal-test.app */;
			productType = "com.apple.product-type.application";
		};
/* End PBXNativeTarget section */

/* Begin PBXProject section */
		3A541C3B1E3CF58E00BD003A /* Project object */ = {
			isa = PBXProject;
			attributes = {
				LastSwiftUpdateCheck = 0820;
				LastUpgradeCheck = 0820;
				ORGANIZATIONNAME = "Drew Westcott";
				TargetAttributes = {
					3A541C421E3CF58E00BD003A = {
						CreatedOnToolsVersion = 8.2;
						DevelopmentTeam = 64798CH77E;
						ProvisioningStyle = Automatic;
					};
				};
			};
			buildConfigurationList = 3A541C3E1E3CF58E00BD003A /* Build configuration list for PBXProject "modal-test" */;
			compatibilityVersion = "Xcode 3.2";
			developmentRegion = English;
			hasScannedForEncodings = 0;
			knownRegions = (
				en,
				Base,
			);
			mainGroup = 3A541C3A1E3CF58E00BD003A;
			productRefGroup = 3A541C441E3CF58F00BD003A /* Products */;
			projectDirPath = "";
			projectRoot = "";
			targets = (
				3A541C421E3CF58E00BD003A /* modal-test */,
			);
		};
/* End PBXProject section */

/* Begin PBXResourcesBuildPhase section */
		3A541C411E3CF58E00BD003A /* Resources */ = {
			isa = PBXResourcesBuildPhase;
			buildActionMask = 2147483647;
			files = (
				3A541C511E3CF58F00BD003A /* LaunchScreen.storyboard in Resources */,
				3A541C4E1E3CF58F00BD003A /* Assets.xcassets in Resources */,
				3A541C4C1E3CF58F00BD003A /* Main.storyboard in Resources */,
			);
			runOnlyForDeploymentPostprocessing = 0;
		};
/* End PBXResourcesBuildPhase section */

/* Begin PBXSourcesBuildPhase section */
		3A541C3F1E3CF58E00BD003A /* Sources */ = {
			isa = PBXSourcesBuildPhase;
			buildActionMask = 2147483647;
			files = (
				3A541C491E3CF58F00BD003A /* ViewController.swift in Sources */,
				3A541C471E3CF58F00BD003A /* AppDelegate.swift in Sources */,
			);
			runOnlyForDeploymentPostprocessing = 0;
		};
/* End PBXSourcesBuildPhase section */

/* Begin PBXVariantGroup section */
		3A541C4A1E3CF58F00BD003A /* Main.storyboard */ = {
			isa = PBXVariantGroup;
			children = (
				3A541C4B1E3CF58F00BD003A /* Base */,
			);
			name = Main.storyboard;
			sourceTree = "<group>";
		};
		3A541C4F1E3CF58F00BD003A /* LaunchScreen.storyboard */ = {
			isa = PBXVariantGroup;
			children = (
				3A541C501E3CF58F00BD003A /* Base */,
			);
			name = LaunchScreen.storyboard;
			sourceTree = "<group>";
		};
/* End PBXVariantGroup section */

/* Begin XCBuildConfiguration section */
		3A541C531E3CF58F00BD003A /* Debug */ = {
			isa = XCBuildConfiguration;
			buildSettings = {
				ALWAYS_SEARCH_USER_PATHS = NO;
				CLANG_ANALYZER_NONNULL = YES;
				CLANG_CXX_LANGUAGE_STANDARD = "gnu++0x";
				CLANG_CXX_LIBRARY = "libc++";
				CLANG_ENABLE_MODULES = YES;
				CLANG_ENABLE_OBJC_ARC = YES;
				CLANG_WARN_BOOL_CONVERSION = YES;
				CLANG_WARN_CONSTANT_CONVERSION = YES;
				CLANG_WARN_DIRECT_OBJC_ISA_USAGE = YES_ERROR;
				CLANG_WARN_DOCUMENTATION_COMMENTS = YES;
				CLANG_WARN_EMPTY_BODY = YES;
				CLANG_WARN_ENUM_CONVERSION = YES;
				CLANG_WARN_INFINITE_RECURSION = YES;
				CLANG_WARN_INT_CONVERSION = YES;
				CLANG_WARN_OBJC_ROOT_CLASS = YES_ERROR;
				CLANG_WARN_SUSPICIOUS_MOVE = YES;
				CLANG_WARN_UNREACHABLE_CODE = YES;
				CLANG_WARN__DUPLICATE_METHOD_MATCH = YES;
				"CODE_SIGN_IDENTITY[sdk=iphoneos*]" = "iPhone Developer";
				COPY_PHASE_STRIP = NO;
				DEBUG_INFORMATION_FORMAT = dwarf;
				ENABLE_STRICT_OBJC_MSGSEND = YES;
				ENABLE_TESTABILITY = YES;
				GCC_C_LANGUAGE_STANDARD = gnu99;
				GCC_DYNAMIC_NO_PIC = NO;
				GCC_NO_COMMON_BLOCKS = YES;
				GCC_OPTIMIZATION_LEVEL = 0;
				GCC_PREPROCESSOR_DEFINITIONS = (
					"DEBUG=1",
					"$(inherited)",
				);
				GCC_WARN_64_TO_32_BIT_CONVERSION = YES;
				GCC_WARN_ABOUT_RETURN_TYPE = YES_ERROR;
				GCC_WARN_UNDECLARED_SELECTOR = YES;
				GCC_WARN_UNINITIALIZED_AUTOS = YES_AGGRESSIVE;
				GCC_WARN_UNUSED_FUNCTION = YES;
				GCC_WARN_UNUSED_VARIABLE = YES;
				IPHONEOS_DEPLOYMENT_TARGET = 10.2;
				MTL_ENABLE_DEBUG_INFO = YES;
				ONLY_ACTIVE_ARCH = YES;
				SDKROOT = iphoneos;
				SWIFT_ACTIVE_COMPILATION_CONDITIONS = DEBUG;
				SWIFT_OPTIMIZATION_LEVEL = "-Onone";
			};
			name = Debug;
		};
		3A541C541E3CF58F00BD003A /* Release */ = {
			isa = XCBuildConfiguration;
			buildSettings = {
				ALWAYS_SEARCH_USER_PATHS = NO;
				CLANG_ANALYZER_NONNULL = YES;
				CLANG_CXX_LANGUAGE_STANDARD = "gnu++0x";
				CLANG_CXX_LIBRARY = "libc++";
				CLANG_ENABLE_MODULES = YES;
				CLANG_ENABLE_OBJC_ARC = YES;
				CLANG_WARN_BOOL_CONVERSION = YES;
				CLANG_WARN_CONSTANT_CONVERSION = YES;
				CLANG_WARN_DIRECT_OBJC_ISA_USAGE = YES_ERROR;
				CLANG_WARN_DOCUMENTATION_COMMENTS = YES;
				CLANG_WARN_EMPTY_BODY = YES;
				CLANG_WARN_ENUM_CONVERSION = YES;
				CLANG_WARN_INFINITE_RECURSION = YES;
				CLANG_WARN_INT_CONVERSION = YES;
				CLANG_WARN_OBJC_ROOT_CLASS = YES_ERROR;
				CLANG_WARN_SUSPICIOUS_MOVE = YES;
				CLANG_WARN_UNREACHABLE_CODE = YES;
				CLANG_WARN__DUPLICATE_METHOD_MATCH = YES;
				"CODE_SIGN_IDENTITY[sdk=iphoneos*]" = "iPhone Developer";
				COPY_PHASE_STRIP = NO;
				DEBUG_INFORMATION_FORMAT = "dwarf-with-dsym";
				ENABLE_NS_ASSERTIONS = NO;
				ENABLE_STRICT_OBJC_MSGSEND = YES;
				GCC_C_LANGUAGE_STANDARD = gnu99;
				GCC_NO_COMMON_BLOCKS = YES;
				GCC_WARN_64_TO_32_BIT_CONVERSION = YES;
				GCC_WARN_ABOUT_RETURN_TYPE = YES_ERROR;
				GCC_WARN_UNDECLARED_SELECTOR = YES;
				GCC_WARN_UNINITIALIZED_AUTOS = YES_AGGRESSIVE;
				GCC_WARN_UNUSED_FUNCTION = YES;
				GCC_WARN_UNUSED_VARIABLE = YES;
				IPHONEOS_DEPLOYMENT_TARGET = 10.2;
				MTL_ENABLE_DEBUG_INFO = NO;
				SDKROOT = iphoneos;
				SWIFT_OPTIMIZATION_LEVEL = "-Owholemodule";
				VALIDATE_PRODUCT = YES;
			};
			name = Release;
		};
		3A541C561E3CF58F00BD003A /* Debug */ = {
			isa = XCBuildConfiguration;
			buildSettings = {
				ASSETCATALOG_COMPILER_APPICON_NAME = AppIcon;
				DEVELOPMENT_TEAM = 64798CH77E;
				INFOPLIST_FILE = "modal-test/Info.plist";
				LD_RUNPATH_SEARCH_PATHS = "$(inherited) @executable_path/Frameworks";
				PRODUCT_BUNDLE_IDENTIFIER = "uk.co.drewwestcott.modal-test";
				PRODUCT_NAME = "$(TARGET_NAME)";
				SWIFT_VERSION = 3.0;
			};
			name = Debug;
		};
		3A541C571E3CF58F00BD003A /* Release */ = {
			isa = XCBuildConfiguration;
			buildSettings = {
				ASSETCATALOG_COMPILER_APPICON_NAME = AppIcon;
				DEVELOPMENT_TEAM = 64798CH77E;
				INFOPLIST_FILE = "modal-test/Info.plist";
				LD_RUNPATH_SEARCH_PATHS = "$(inherited) @executable_path/Frameworks";
				PRODUCT_BUNDLE_IDENTIFIER = "uk.co.drewwestcott.modal-test";
				PRODUCT_NAME = "$(TARGET_NAME)";
				SWIFT_VERSION = 3.0;
			};
			name = Release;
		};
/* End XCBuildConfiguration section */

/* Begin XCConfigurationList section */
		3A541C3E1E3CF58E00BD003A /* Build configuration list for PBXProject "modal-test" */ = {
			isa = XCConfigurationList;
			buildConfigurations = (
				3A541C531E3CF58F00BD003A /* Debug */,
				3A541C541E3CF58F00BD003A /* Release */,
			);
			defaultConfigurationIsVisible = 0;
			defaultConfigurationName = Release;
		};
		3A541C551E3CF58F00BD003A /* Build configuration list for PBXNativeTarget "modal-test" */ = {
			isa = XCConfigurationList;
			buildConfigurations = (
				3A541C561E3CF58F00BD003A /* Debug */,
				3A541C571E3CF58F00BD003A /* Release */,
			);
			defaultConfigurationIsVisible = 0;
		};
/* End XCConfigurationList section */
	};
	rootObject = 3A541C3B1E3CF58E00BD003A /* Project object */;
}
